
Microsoft Visual Studio Solution File, Format Version 12.00
# Visual Studio Version 17
VisualStudioVersion = 17.9.34723.18
MinimumVisualStudioVersion = 10.0.40219.1
Project("{FAE04EC0-301F-11D3-BF4B-00C04F79EFBC}") = "WebApplication", "WebApplication.csproj", "{81B9509D-A377-49F6-A04C-70F31063AC4C}"
EndProject
Global
	GlobalSection(SolutionConfigurationPlatforms) = preSolution
		Debug|Any CPU = Debug|Any CPU
		Release|Any CPU = Release|Any CPU
	EndGlobalSection
	GlobalSection(ProjectConfigurationPlatforms) = postSolution
		{81B9509D-A377-49F6-A04C-70F31063AC4C}.Debug|Any CPU.ActiveCfg = Debug|Any CPU
		{81B9509D-A377-49F6-A04C-70F31063AC4C}.Debug|Any CPU.Build.0 = Debug|Any CPU
		{81B9509D-A377-49F6-A04C-70F31063AC4C}.Release|Any CPU.ActiveCfg = Release|Any CPU
		{81B9509D-A377-49F6-A04C-70F31063AC4C}.Release|Any CPU.Build.0 = Release|Any CPU
	EndGlobalSection
	GlobalSection(SolutionProperties) = preSolution
		HideSolutionNode = FALSE
	EndGlobalSection
	GlobalSection(ExtensibilityGlobals) = postSolution
		SolutionGuid = {DDA4D8C9-BC60-471E-AF42-95FA99F50AA3}
	EndGlobalSection
EndGlobal
